
Microsoft Visual Studio Solution File, Format Version 12.00
# Visual Studio Version 17
VisualStudioVersion = 17.5.002.0
MinimumVisualStudioVersion = 10.0.40219.1
Project("{9A19103F-16F7-4668-BE54-9A1E7A4F7556}") = "GestionTransacciones", "GestionTransacciones.csproj", "{F9197AEF-6494-4B86-A17C-836B9531171D}"
EndProject
Global
	GlobalSection(SolutionConfigurationPlatforms) = preSolution
		Debug|Any CPU = Debug|Any CPU
		Release|Any CPU = Release|Any CPU
	EndGlobalSection
	GlobalSection(ProjectConfigurationPlatforms) = postSolution
		{F9197AEF-6494-4B86-A17C-836B9531171D}.Debug|Any CPU.ActiveCfg = Debug|Any CPU
		{F9197AEF-6494-4B86-A17C-836B9531171D}.Debug|Any CPU.Build.0 = Debug|Any CPU
		{F9197AEF-6494-4B86-A17C-836B9531171D}.Release|Any CPU.ActiveCfg = Release|Any CPU
		{F9197AEF-6494-4B86-A17C-836B9531171D}.Release|Any CPU.Build.0 = Release|Any CPU
	EndGlobalSection
	GlobalSection(SolutionProperties) = preSolution
		HideSolutionNode = FALSE
	EndGlobalSection
	GlobalSection(ExtensibilityGlobals) = postSolution
		SolutionGuid = {608244E5-FCAF-4EE2-9B7B-01B2F293D016}
	EndGlobalSection
EndGlobal
